github.com/didoogan/searchphonenumber v0.0.0-20240504153401-c5052d378a83 h1:BMUE/csd70fGujqQFskHjA+1ka/Jr5dY4S36+TJ6rBc=
github.com/didoogan/searchphonenumber v0.0.0-20240504153401-c5052d378a83/go.mod h1:Y2EXret88bH6lXatZstPRkHSaq0OjJSJ2UtomkilYR0=
github.com/didoogan/searchphonenumber v0.1.0 h1:OfZeCc4+n3ZI++ABL8HbPupfqGDWH/md4Cvi96IHq74=
github.com/didoogan/searchphonenumber v0.1.0/go.mod h1:Y2EXret88bH6lXatZstPRkHSaq0OjJSJ2UtomkilYR0=
